
Microsoft Visual Studio Solution File, Format Version 12.00
# Visual Studio 15
VisualStudioVersion = 15.0.28010.2046
MinimumVisualStudioVersion = 10.0.40219.1
Project("{FAE04EC0-301F-11D3-BF4B-00C04F79EFBC}") = "Triangle", "Triangle\Triangle.csproj", "{8F4FAAA7-CE8E-481F-A3C6-71F2D4ED28E9}"
EndProject
Global
	GlobalSection(SolutionConfigurationPlatforms) = preSolution
		Debug|Any CPU = Debug|Any CPU
		Release|Any CPU = Release|Any CPU
	EndGlobalSection
	GlobalSection(ProjectConfigurationPlatforms) = postSolution
		{8F4FAAA7-CE8E-481F-A3C6-71F2D4ED28E9}.Debug|Any CPU.ActiveCfg = Debug|Any CPU
		{8F4FAAA7-CE8E-481F-A3C6-71F2D4ED28E9}.Debug|Any CPU.Build.0 = Debug|Any CPU
		{8F4FAAA7-CE8E-481F-A3C6-71F2D4ED28E9}.Release|Any CPU.ActiveCfg = Release|Any CPU
		{8F4FAAA7-CE8E-481F-A3C6-71F2D4ED28E9}.Release|Any CPU.Build.0 = Release|Any CPU
	EndGlobalSection
	GlobalSection(SolutionProperties) = preSolution
		HideSolutionNode = FALSE
	EndGlobalSection
	GlobalSection(ExtensibilityGlobals) = postSolution
		SolutionGuid = {AA31CEA7-E1D4-47AB-AD7A-6C1A5F00A3FF}
	EndGlobalSection
EndGlobal
